Microsoft Visual Studio Solution File, Format Version 12.00
# Visual Studio Version 16
VisualStudioVersion = 16.0.30002.166
MinimumVisualStudioVersion = 10.0.40219.1
Project("{FAE04EC0-301F-11D3-BF4B-00C04F79EFBC}") = "PurchaseAnalysis.Android", "PurchaseAnalysis.Android\PurchaseAnalysis.Android.csproj", "{C474FF60-EA75-4650-A168-46A89D899EE8}"
EndProject
Project("{9A19103F-16F7-4668-BE54-9A1E7A4F7556}") = "PurchaseAnalysis", "PurchaseAnalysis\PurchaseAnalysis.csproj", "{A8E90933-E875-4CEF-A459-6E53098477B1}"
EndProject
Global
	GlobalSection(SolutionConfigurationPlatforms) = preSolution
		Debug|Any CPU = Debug|Any CPU
		Release|Any CPU = Release|Any CPU
	EndGlobalSection
	GlobalSection(ProjectConfigurationPlatforms) = postSolution
		{C474FF60-EA75-4650-A168-46A89D899EE8}.Debug|Any CPU.ActiveCfg = Debug|Any CPU
		{C474FF60-EA75-4650-A168-46A89D899EE8}.Debug|Any CPU.Build.0 = Debug|Any CPU
		{C474FF60-EA75-4650-A168-46A89D899EE8}.Debug|Any CPU.Deploy.0 = Debug|Any CPU
		{C474FF60-EA75-4650-A168-46A89D899EE8}.Release|Any CPU.ActiveCfg = Release|Any CPU
		{C474FF60-EA75-4650-A168-46A89D899EE8}.Release|Any CPU.Build.0 = Release|Any CPU
		{A8E90933-E875-4CEF-A459-6E53098477B1}.Debug|Any CPU.ActiveCfg = Debug|Any CPU
		{A8E90933-E875-4CEF-A459-6E53098477B1}.Debug|Any CPU.Build.0 = Debug|Any CPU
		{A8E90933-E875-4CEF-A459-6E53098477B1}.Release|Any CPU.ActiveCfg = Release|Any CPU
		{A8E90933-E875-4CEF-A459-6E53098477B1}.Release|Any CPU.Build.0 = Release|Any CPU
	EndGlobalSection
	GlobalSection(SolutionProperties) = preSolution
		HideSolutionNode = FALSE
	EndGlobalSection
	GlobalSection(ExtensibilityGlobals) = postSolution
		SolutionGuid = {5C0C4375-5D88-472B-A7A0-A7057CC742B3}
	EndGlobalSection
EndGlobal
